// !$*UTF8*$!
{
	archiveVersion = 1;
	classes = {
	};
	objectVersion = 50;
	objects = {

/* Begin PBXBuildFile section */
		120F2A9D22CB1F9500D7072F /* AppDelegate.swift in Sources */ = {isa = PBXBuildFile; fileRef = 120F2A9C22CB1F9500D7072F /* AppDelegate.swift */; };
		120F2A9F22CB1F9500D7072F /* ViewController.swift in Sources */ = {isa = PBXBuildFile; fileRef = 120F2A9E22CB1F9500D7072F /* ViewController.swift */; };
		120F2AA222CB1F9500D7072F /* Main.storyboard in Resources */ = {isa = PBXBuildFile; fileRef = 120F2AA022CB1F9500D7072F /* Main.storyboard */; };
		120F2AA422CB1F9600D7072F /* Assets.xcassets in Resources */ = {isa = PBXBuildFile; fileRef = 120F2AA322CB1F9600D7072F /* Assets.xcassets */; };
		120F2AA722CB1F9600D7072F /* LaunchScreen.storyboard in Resources */ = {isa = PBXBuildFile; fileRef = 120F2AA522CB1F9600D7072F /* LaunchScreen.storyboard */; };
		120F2AB222CB1F9600D7072F /* FirstApplicationRepoTests.swift in Sources */ = {isa = PBXBuildFile; fileRef = 120F2AB122CB1F9600D7072F /* FirstApplicationRepoTests.swift */; };
		120F2ABD22CB1F9600D7072F /* FirstApplicationRepoUITests.swift in Sources */ = {isa = PBXBuildFile; fileRef = 120F2ABC22CB1F9600D7072F /* FirstApplicationRepoUITests.swift */; };
		121F1DDD22DBCBAF00483713 /* RatingControl.swift in Sources */ = {isa = PBXBuildFile; fileRef = 121F1DDC22DBCBAF00483713 /* RatingControl.swift */; };
		12D9BF8822E2D82000EC005C /* Meal.swift in Sources */ = {isa = PBXBuildFile; fileRef = 12D9BF8722E2D82000EC005C /* Meal.swift */; };
		12D9BF8A22E2E1D400EC005C /* MealTableViewCell.swift in Sources */ = {isa = PBXBuildFile; fileRef = 12D9BF8922E2E1D400EC005C /* MealTableViewCell.swift */; };
		12D9BF8C22E2E9DB00EC005C /* MealTableViewController.swift in Sources */ = {isa = PBXBuildFile; fileRef = 12D9BF8B22E2E9DB00EC005C /* MealTableViewController.swift */; };
/* End PBXBuildFile section */

/* Begin PBXContainerItemProxy section */
		120F2AAE22CB1F9600D7072F /* PBXContainerItemProxy */ = {
			isa = PBXContainerItemProxy;
			containerPortal = 120F2A9122CB1F9500D7072F /* Project object */;
			proxyType = 1;
			remoteGlobalIDString = 120F2A9822CB1F9500D7072F;
			remoteInfo = FirstApplicationRepo;
		};
		120F2AB922CB1F9600D7072F /* PBXContainerItemProxy */ = {
			isa = PBXContainerItemProxy;
			containerPortal = 120F2A9122CB1F9500D7072F /* Project object */;
			proxyType = 1;
			remoteGlobalIDString = 120F2A9822CB1F9500D7072F;
			remoteInfo = FirstApplicationRepo;
		};
/* End PBXContainerItemProxy section */

/* Begin PBXFileReference section */
		120F2A9922CB1F9500D7072F /* FirstApplicationRepo.app */ = {isa = PBXFileReference; explicitFileType = wrapper.application; includeInIndex = 0; path = FirstApplicationRepo.app; sourceTree = BUILT_PRODUCTS_DIR; };
		120F2A9C22CB1F9500D7072F /* AppDelegate.swift */ = {isa = PBXFileReference; lastKnownFileType = sourcecode.swift; path = AppDelegate.swift; sourceTree = "<group>"; };
		120F2A9E22CB1F9500D7072F /* ViewController.swift */ = {isa = PBXFileReference; lastKnownFileType = sourcecode.swift; path = ViewController.swift; sourceTree = "<group>"; };
		120F2AA122CB1F9500D7072F /* Base */ = {isa = PBXFileReference; lastKnownFileType = file.storyboard; name = Base; path = Base.lproj/Main.storyboard; sourceTree = "<group>"; };
		120F2AA322CB1F9600D7072F /* Assets.xcassets */ = {isa = PBXFileReference; lastKnownFileType = folder.assetcatalog; path = Assets.xcassets; sourceTree = "<group>"; };
		120F2AA622CB1F9600D7072F /* Base */ = {isa = PBXFileReference; lastKnownFileType = file.storyboard; name = Base; path = Base.lproj/LaunchScreen.storyboard; sourceTree = "<group>"; };
		120F2AA822CB1F9600D7072F /* Info.plist */ = {isa = PBXFileReference; lastKnownFileType = text.plist.xml; path = Info.plist; sourceTree = "<group>"; };
		120F2AAD22CB1F9600D7072F /* FirstApplicationRepoTests.xctest */ = {isa = PBXFileReference; explicitFileType = wrapper.cfbundle; includeInIndex = 0; path = FirstApplicationRepoTests.xctest; sourceTree = BUILT_PRODUCTS_DIR; };
		120F2AB122CB1F9600D7072F /* FirstApplicationRepoTests.swift */ = {isa = PBXFileReference; lastKnownFileType = sourcecode.swift; path = FirstApplicationRepoTests.swift; sourceTree = "<group>"; };
		120F2AB322CB1F9600D7072F /* Info.plist */ = {isa = PBXFileReference; lastKnownFileType = text.plist.xml; path = Info.plist; sourceTree = "<group>"; };
		120F2AB822CB1F9600D7072F /* FirstApplicationRepoUITests.xctest */ = {isa = PBXFileReference; explicitFileType = wrapper.cfbundle; includeInIndex = 0; path = FirstApplicationRepoUITests.xctest; sourceTree = BUILT_PRODUCTS_DIR; };
		120F2ABC22CB1F9600D7072F /* FirstApplicationRepoUITests.swift */ = {isa = PBXFileReference; lastKnownFileType = sourcecode.swift; path = FirstApplicationRepoUITests.swift; sourceTree = "<group>"; };
		120F2ABE22CB1F9600D7072F /* Info.plist */ = {isa = PBXFileReference; lastKnownFileType = text.plist.xml; path = Info.plist; sourceTree = "<group>"; };
		121F1DDC22DBCBAF00483713 /* RatingControl.swift */ = {isa = PBXFileReference; lastKnownFileType = sourcecode.swift; path = RatingControl.swift; sourceTree = "<group>"; };
		12D9BF8722E2D82000EC005C /* Meal.swift */ = {isa = PBXFileReference; lastKnownFileType = sourcecode.swift; name = Meal.swift; path = ../Meal.swift; sourceTree = "<group>"; };
		12D9BF8922E2E1D400EC005C /* MealTableViewCell.swift */ = {isa = PBXFileReference; lastKnownFileType = sourcecode.swift; name = MealTableViewCell.swift; path = ../MealTableViewCell.swift; sourceTree = "<group>"; };
		12D9BF8B22E2E9DB00EC005C /* MealTableViewController.swift */ = {isa = PBXFileReference; lastKnownFileType = sourcecode.swift; path = MealTableViewController.swift; sourceTree = "<group>"; };
/* End PBXFileReference section */

/* Begin PBXFrameworksBuildPhase section */
		120F2A9622CB1F9500D7072F /* Frameworks */ = {
			isa = PBXFrameworksBuildPhase;
			buildActionMask = 2147483647;
			files = (
			);
			runOnlyForDeploymentPostprocessing = 0;
		};
		120F2AAA22CB1F9600D7072F /* Frameworks */ = {
			isa = PBXFrameworksBuildPhase;
			buildActionMask = 2147483647;
			files = (
			);
			runOnlyForDeploymentPostprocessing = 0;
		};
		120F2AB522CB1F9600D7072F /* Frameworks */ = {
			isa = PBXFrameworksBuildPhase;
			buildActionMask = 2147483647;
			files = (
			);
			runOnlyForDeploymentPostprocessing = 0;
		};
/* End PBXFrameworksBuildPhase section */

/* Begin PBXGroup section */
		120F2A9022CB1F9500D7072F = {
			isa = PBXGroup;
			children = (
				120F2A9B22CB1F9500D7072F /* FirstApplicationRepo */,
				120F2AB022CB1F9600D7072F /* FirstApplicationRepoTests */,
				120F2ABB22CB1F9600D7072F /* FirstApplicationRepoUITests */,
				120F2A9A22CB1F9500D7072F /* Products */,
			);
			sourceTree = "<group>";
		};
		120F2A9A22CB1F9500D7072F /* Products */ = {
			isa = PBXGroup;
			children = (
				120F2A9922CB1F9500D7072F /* FirstApplicationRepo.app */,
				120F2AAD22CB1F9600D7072F /* FirstApplicationRepoTests.xctest */,
				120F2AB822CB1F9600D7072F /* FirstApplicationRepoUITests.xctest */,
			);
			name = Products;
			sourceTree = "<group>";
		};
		120F2A9B22CB1F9500D7072F /* FirstApplicationRepo */ = {
			isa = PBXGroup;
			children = (
				120F2A9C22CB1F9500D7072F /* AppDelegate.swift */,
				120F2A9E22CB1F9500D7072F /* ViewController.swift */,
				120F2AA022CB1F9500D7072F /* Main.storyboard */,
				12D9BF8B22E2E9DB00EC005C /* MealTableViewController.swift */,
				120F2AA322CB1F9600D7072F /* Assets.xcassets */,
				120F2AA522CB1F9600D7072F /* LaunchScreen.storyboard */,
				120F2AA822CB1F9600D7072F /* Info.plist */,
				12D9BF8722E2D82000EC005C /* Meal.swift */,
				12D9BF8922E2E1D400EC005C /* MealTableViewCell.swift */,
				121F1DDC22DBCBAF00483713 /* RatingControl.swift */,
			);
			path = FirstApplicationRepo;
			sourceTree = "<group>";
		};
		120F2AB022CB1F9600D7072F /* FirstApplicationRepoTests */ = {
			isa = PBXGroup;
			children = (
				120F2AB122CB1F9600D7072F /* FirstApplicationRepoTests.swift */,
				120F2AB322CB1F9600D7072F /* Info.plist */,
			);
			path = FirstApplicationRepoTests;
			sourceTree = "<group>";
		};
		120F2ABB22CB1F9600D7072F /* FirstApplicationRepoUITests */ = {
			isa = PBXGroup;
			children = (
				120F2ABC22CB1F9600D7072F /* FirstApplicationRepoUITests.swift */,
				120F2ABE22CB1F9600D7072F /* Info.plist */,
			);
			path = FirstApplicationRepoUITests;
			sourceTree = "<group>";
		};
/* End PBXGroup section */

/* Begin PBXNativeTarget section */
		120F2A9822CB1F9500D7072F /* FirstApplicationRepo */ = {
			isa = PBXNativeTarget;
			buildConfigurationList = 120F2AC122CB1F9600D7072F /* Build configuration list for PBXNativeTarget "FirstApplicationRepo" */;
			buildPhases = (
				120F2A9522CB1F9500D7072F /* Sources */,
				120F2A9622CB1F9500D7072F /* Frameworks */,
				120F2A9722CB1F9500D7072F /* Resources */,
			);
			buildRules = (
			);
			dependencies = (
			);
			name = FirstApplicationRepo;
			productName = FirstApplicationRepo;
			productReference = 120F2A9922CB1F9500D7072F /* FirstApplicationRepo.app */;
			productType = "com.apple.product-type.application";
		};
		120F2AAC22CB1F9600D7072F /* FirstApplicationRepoTests */ = {
			isa = PBXNativeTarget;
			buildConfigurationList = 120F2AC422CB1F9600D7072F /* Build configuration list for PBXNativeTarget "FirstApplicationRepoTests" */;
			buildPhases = (
				120F2AA922CB1F9600D7072F /* Sources */,
				120F2AAA22CB1F9600D7072F /* Frameworks */,
				120F2AAB22CB1F9600D7072F /* Resources */,
			);
			buildRules = (
			);
			dependencies = (
				120F2AAF22CB1F9600D7072F /* PBXTargetDependency */,
			);
			name = FirstApplicationRepoTests;
			productName = FirstApplicationRepoTests;
			productReference = 120F2AAD22CB1F9600D7072F /* FirstApplicationRepoTests.xctest */;
			productType = "com.apple.product-type.bundle.unit-test";
		};
		120F2AB722CB1F9600D7072F /* FirstApplicationRepoUITests */ = {
			isa = PBXNativeTarget;
			buildConfigurationList = 120F2AC722CB1F9600D7072F /* Build configuration list for PBXNativeTarget "FirstApplicationRepoUITests" */;
			buildPhases = (
				120F2AB422CB1F9600D7072F /* Sources */,
				120F2AB522CB1F9600D7072F /* Frameworks */,
				120F2AB622CB1F9600D7072F /* Resources */,
			);
			buildRules = (
			);
			dependencies = (
				120F2ABA22CB1F9600D7072F /* PBXTargetDependency */,
			);
			name = FirstApplicationRepoUITests;
			productName = FirstApplicationRepoUITests;
			productReference = 120F2AB822CB1F9600D7072F /* FirstApplicationRepoUITests.xctest */;
			productType = "com.apple.product-type.bundle.ui-testing";
		};
/* End PBXNativeTarget section */

/* Begin PBXProject section */
		120F2A9122CB1F9500D7072F /* Project object */ = {
			isa = PBXProject;
			attributes = {
				LastSwiftUpdateCheck = 1020;
				LastUpgradeCheck = 1020;
				ORGANIZATIONNAME = HarshaRaviGitHub;
				TargetAttributes = {
					120F2A9822CB1F9500D7072F = {
						CreatedOnToolsVersion = 10.2.1;
					};
					120F2AAC22CB1F9600D7072F = {
						CreatedOnToolsVersion = 10.2.1;
						TestTargetID = 120F2A9822CB1F9500D7072F;
					};
					120F2AB722CB1F9600D7072F = {
						CreatedOnToolsVersion = 10.2.1;
						TestTargetID = 120F2A9822CB1F9500D7072F;
					};
				};
			};
			buildConfigurationList = 120F2A9422CB1F9500D7072F /* Build configuration list for PBXProject "FirstApplicationRepo" */;
			compatibilityVersion = "Xcode 9.3";
			developmentRegion = en;
			hasScannedForEncodings = 0;
			knownRegions = (
				en,
				Base,
			);
			mainGroup = 120F2A9022CB1F9500D7072F;
			productRefGroup = 120F2A9A22CB1F9500D7072F /* Products */;
			projectDirPath = "";
			projectRoot = "";
			targets = (
				120F2A9822CB1F9500D7072F /* FirstApplicationRepo */,
				120F2AAC22CB1F9600D7072F /* FirstApplicationRepoTests */,
				120F2AB722CB1F9600D7072F /* FirstApplicationRepoUITests */,
			);
		};
/* End PBXProject section */

/* Begin PBXResourcesBuildPhase section */
		120F2A9722CB1F9500D7072F /* Resources */ = {
			isa = PBXResourcesBuildPhase;
			buildActionMask = 2147483647;
			files = (
				120F2AA722CB1F9600D7072F /* LaunchScreen.storyboard in Resources */,
				120F2AA422CB1F9600D7072F /* Assets.xcassets in Resources */,
				120F2AA222CB1F9500D7072F /* Main.storyboard in Resources */,
			);
			runOnlyForDeploymentPostprocessing = 0;
		};
		120F2AAB22CB1F9600D7072F /* Resources */ = {
			isa = PBXResourcesBuildPhase;
			buildActionMask = 2147483647;
			files = (
			);
			runOnlyForDeploymentPostprocessing = 0;
		};
		120F2AB622CB1F9600D7072F /* Resources */ = {
			isa = PBXResourcesBuildPhase;
			buildActionMask = 2147483647;
			files = (
			);
			runOnlyForDeploymentPostprocessing = 0;
		};
/* End PBXResourcesBuildPhase section */

/* Begin PBXSourcesBuildPhase section */
		120F2A9522CB1F9500D7072F /* Sources */ = {
			isa = PBXSourcesBuildPhase;
			buildActionMask = 2147483647;
			files = (
				12D9BF8822E2D82000EC005C /* Meal.swift in Sources */,
				120F2A9F22CB1F9500D7072F /* ViewController.swift in Sources */,
				121F1DDD22DBCBAF00483713 /* RatingControl.swift in Sources */,
				120F2A9D22CB1F9500D7072F /* AppDelegate.swift in Sources */,
				12D9BF8C22E2E9DB00EC005C /* MealTableViewController.swift in Sources */,
				12D9BF8A22E2E1D400EC005C /* MealTableViewCell.swift in Sources */,
			);
			runOnlyForDeploymentPostprocessing = 0;
		};
		120F2AA922CB1F9600D7072F /* Sources */ = {
			isa = PBXSourcesBuildPhase;
			buildActionMask = 2147483647;
			files = (
				120F2AB222CB1F9600D7072F /* FirstApplicationRepoTests.swift in Sources */,
			);
			runOnlyForDeploymentPostprocessing = 0;
		};
		120F2AB422CB1F9600D7072F /* Sources */ = {
			isa = PBXSourcesBuildPhase;
			buildActionMask = 2147483647;
			files = (
				120F2ABD22CB1F9600D7072F /* FirstApplicationRepoUITests.swift in Sources */,
			);
			runOnlyForDeploymentPostprocessing = 0;
		};
/* End PBXSourcesBuildPhase section */

/* Begin PBXTargetDependency section */
		120F2AAF22CB1F9600D7072F /* PBXTargetDependency */ = {
			isa = PBXTargetDependency;
			target = 120F2A9822CB1F9500D7072F /* FirstApplicationRepo */;
			targetProxy = 120F2AAE22CB1F9600D7072F /* PBXContainerItemProxy */;
		};
		120F2ABA22CB1F9600D7072F /* PBXTargetDependency */ = {
			isa = PBXTargetDependency;
			target = 120F2A9822CB1F9500D7072F /* FirstApplicationRepo */;
			targetProxy = 120F2AB922CB1F9600D7072F /* PBXContainerItemProxy */;
		};
/* End PBXTargetDependency section */

/* Begin PBXVariantGroup section */
		120F2AA022CB1F9500D7072F /* Main.storyboard */ = {
			isa = PBXVariantGroup;
			children = (
				120F2AA122CB1F9500D7072F /* Base */,
			);
			name = Main.storyboard;
			sourceTree = "<group>";
		};
		120F2AA522CB1F9600D7072F /* LaunchScreen.storyboard */ = {
			isa = PBXVariantGroup;
			children = (
				120F2AA622CB1F9600D7072F /* Base */,
			);
			name = LaunchScreen.storyboard;
			sourceTree = "<group>";
		};
/* End PBXVariantGroup section */

/* Begin XCBuildConfiguration section */
		120F2ABF22CB1F9600D7072F /* Debug */ = {
			isa = XCBuildConfiguration;
			buildSettings = {
				ALWAYS_SEARCH_USER_PATHS = NO;
				CLANG_ANALYZER_NONNULL = YES;
				CLANG_ANALYZER_NUMBER_OBJECT_CONVERSION = YES_AGGRESSIVE;
				CLANG_CXX_LANGUAGE_STANDARD = "gnu++14";
				CLANG_CXX_LIBRARY = "libc++";
				CLANG_ENABLE_MODULES = YES;
				CLANG_ENABLE_OBJC_ARC = YES;
				CLANG_ENABLE_OBJC_WEAK = YES;
				CLANG_WARN_BLOCK_CAPTURE_AUTORELEASING = YES;
				CLANG_WARN_BOOL_CONVERSION = YES;
				CLANG_WARN_COMMA = YES;
				CLANG_WARN_CONSTANT_CONVERSION = YES;
				CLANG_WARN_DEPRECATED_OBJC_IMPLEMENTATIONS = YES;
				CLANG_WARN_DIRECT_OBJC_ISA_USAGE = YES_ERROR;
				CLANG_WARN_DOCUMENTATION_COMMENTS = YES;
				CLANG_WARN_EMPTY_BODY = YES;
				CLANG_WARN_ENUM_CONVERSION = YES;
				CLANG_WARN_INFINITE_RECURSION = YES;
				CLANG_WARN_INT_CONVERSION = YES;
				CLANG_WARN_NON_LITERAL_NULL_CONVERSION = YES;
				CLANG_WARN_OBJC_IMPLICIT_RETAIN_SELF = YES;
				CLANG_WARN_OBJC_LITERAL_CONVERSION = YES;
				CLANG_WARN_OBJC_ROOT_CLASS = YES_ERROR;
				CLANG_WARN_RANGE_LOOP_ANALYSIS = YES;
				CLANG_WARN_STRICT_PROTOTYPES = YES;
				CLANG_WARN_SUSPICIOUS_MOVE = YES;
				CLANG_WARN_UNGUARDED_AVAILABILITY = YES_AGGRESSIVE;
				CLANG_WARN_UNREACHABLE_CODE = YES;
				CLANG_WARN__DUPLICATE_METHOD_MATCH = YES;
				CODE_SIGN_IDENTITY = "iPhone Developer";
				COPY_PHASE_STRIP = NO;
				DEBUG_INFORMATION_FORMAT = dwarf;
				ENABLE_STRICT_OBJC_MSGSEND = YES;
				ENABLE_TESTABILITY = YES;
				GCC_C_LANGUAGE_STANDARD = gnu11;
				GCC_DYNAMIC_NO_PIC = NO;
				GCC_NO_COMMON_BLOCKS = YES;
				GCC_OPTIMIZATION_LEVEL = 0;
				GCC_PREPROCESSOR_DEFINITIONS = (
					"DEBUG=1",
					"$(inherited)",
				);
				GCC_WARN_64_TO_32_BIT_CONVERSION = YES;
				GCC_WARN_ABOUT_RETURN_TYPE = YES_ERROR;
				GCC_WARN_UNDECLARED_SELECTOR = YES;
				GCC_WARN_UNINITIALIZED_AUTOS = YES_AGGRESSIVE;
				GCC_WARN_UNUSED_FUNCTION = YES;
				GCC_WARN_UNUSED_VARIABLE = YES;
				IPHONEOS_DEPLOYMENT_TARGET = 12.2;
				MTL_ENABLE_DEBUG_INFO = INCLUDE_SOURCE;
				MTL_FAST_MATH = YES;
				ONLY_ACTIVE_ARCH = YES;
				SDKROOT = iphoneos;
				SWIFT_ACTIVE_COMPILATION_CONDITIONS = DEBUG;
				SWIFT_OPTIMIZATION_LEVEL = "-Onone";
			};
			name = Debug;
		};
		120F2AC022CB1F9600D7072F /* Release */ = {
			isa = XCBuildConfiguration;
			buildSettings = {
				ALWAYS_SEARCH_USER_PATHS = NO;
				CLANG_ANALYZER_NONNULL = YES;
				CLANG_ANALYZER_NUMBER_OBJECT_CONVERSION = YES_AGGRESSIVE;
				CLANG_CXX_LANGUAGE_STANDARD = "gnu++14";
				CLANG_CXX_LIBRARY = "libc++";
				CLANG_ENABLE_MODULES = YES;
				CLANG_ENABLE_OBJC_ARC = YES;
				CLANG_ENABLE_OBJC_WEAK = YES;
				CLANG_WARN_BLOCK_CAPTURE_AUTORELEASING = YES;
				CLANG_WARN_BOOL_CONVERSION = YES;
				CLANG_WARN_COMMA = YES;
				CLANG_WARN_CONSTANT_CONVERSION = YES;
				CLANG_WARN_DEPRECATED_OBJC_IMPLEMENTATIONS = YES;
				CLANG_WARN_DIRECT_OBJC_ISA_USAGE = YES_ERROR;
				CLANG_WARN_DOCUMENTATION_COMMENTS = YES;
				CLANG_WARN_EMPTY_BODY = YES;
				CLANG_WARN_ENUM_CONVERSION = YES;
				CLANG_WARN_INFINITE_RECURSION = YES;
				CLANG_WARN_INT_CONVERSION = YES;
				CLANG_WARN_NON_LITERAL_NULL_CONVERSION = YES;
				CLANG_WARN_OBJC_IMPLICIT_RETAIN_SELF = YES;
				CLANG_WARN_OBJC_LITERAL_CONVERSION = YES;
				CLANG_WARN_OBJC_ROOT_CLASS = YES_ERROR;
				CLANG_WARN_RANGE_LOOP_ANALYSIS = YES;
				CLANG_WARN_STRICT_PROTOTYPES = YES;
				CLANG_WARN_SUSPICIOUS_MOVE = YES;
				CLANG_WARN_UNGUARDED_AVAILABILITY = YES_AGGRESSIVE;
				CLANG_WARN_UNREACHABLE_CODE = YES;
				CLANG_WARN__DUPLICATE_METHOD_MATCH = YES;
				CODE_SIGN_IDENTITY = "iPhone Developer";
				COPY_PHASE_STRIP = NO;
				DEBUG_INFORMATION_FORMAT = "dwarf-with-dsym";
				ENABLE_NS_ASSERTIONS = NO;
				ENABLE_STRICT_OBJC_MSGSEND = YES;
				GCC_C_LANGUAGE_STANDARD = gnu11;
				GCC_NO_COMMON_BLOCKS = YES;
				GCC_WARN_64_TO_32_BIT_CONVERSION = YES;
				GCC_WARN_ABOUT_RETURN_TYPE = YES_ERROR;
				GCC_WARN_UNDECLARED_SELECTOR = YES;
				GCC_WARN_UNINITIALIZED_AUTOS = YES_AGGRESSIVE;
				GCC_WARN_UNUSED_FUNCTION = YES;
				GCC_WARN_UNUSED_VARIABLE = YES;
				IPHONEOS_DEPLOYMENT_TARGET = 12.2;
				MTL_ENABLE_DEBUG_INFO = NO;
				MTL_FAST_MATH = YES;
				SDKROOT = iphoneos;
				SWIFT_COMPILATION_MODE = wholemodule;
				SWIFT_OPTIMIZATION_LEVEL = "-O";
				VALIDATE_PRODUCT = YES;
			};
			name = Release;
		};
		120F2AC222CB1F9600D7072F /* Debug */ = {
			isa = XCBuildConfiguration;
			buildSettings = {
				ASSETCATALOG_COMPILER_APPICON_NAME = AppIcon;
				CODE_SIGN_STYLE = Automatic;
				INFOPLIST_FILE = FirstApplicationRepo/Info.plist;
				LD_RUNPATH_SEARCH_PATHS = (
					"$(inherited)",
					"@executable_path/Frameworks",
				);
				PRODUCT_BUNDLE_IDENTIFIER = HR.FirstApplicationRepo;
				PRODUCT_NAME = "$(TARGET_NAME)";
				SWIFT_VERSION = 5.0;
				TARGETED_DEVICE_FAMILY = "1,2";
			};
			name = Debug;
		};
		120F2AC322CB1F9600D7072F /* Release */ = {
			isa = XCBuildConfiguration;
			buildSettings = {
				ASSETCATALOG_COMPILER_APPICON_NAME = AppIcon;
				CODE_SIGN_STYLE = Automatic;
				INFOPLIST_FILE = FirstApplicationRepo/Info.plist;
				LD_RUNPATH_SEARCH_PATHS = (
					"$(inherited)",
					"@executable_path/Frameworks",
				);
				PRODUCT_BUNDLE_IDENTIFIER = HR.FirstApplicationRepo;
				PRODUCT_NAME = "$(TARGET_NAME)";
				SWIFT_VERSION = 5.0;
				TARGETED_DEVICE_FAMILY = "1,2";
			};
			name = Release;
		};
		120F2AC522CB1F9600D7072F /* Debug */ = {
			isa = XCBuildConfiguration;
			buildSettings = {
				ALWAYS_EMBED_SWIFT_STANDARD_LIBRARIES = YES;
				BUNDLE_LOADER = "$(TEST_HOST)";
				CODE_SIGN_STYLE = Automatic;
				INFOPLIST_FILE = FirstApplicationRepoTests/Info.plist;
				LD_RUNPATH_SEARCH_PATHS = (
					"$(inherited)",
					"@executable_path/Frameworks",
					"@loader_path/Frameworks",
				);
				PRODUCT_BUNDLE_IDENTIFIER = HR.FirstApplicationRepoTests;
				PRODUCT_NAME = "$(TARGET_NAME)";
				SWIFT_VERSION = 5.0;
				TARGETED_DEVICE_FAMILY = "1,2";
				TEST_HOST = "$(BUILT_PRODUCTS_DIR)/FirstApplicationRepo.app/FirstApplicationRepo";
			};
			name = Debug;
		};
		120F2AC622CB1F9600D7072F /* Release */ = {
			isa = XCBuildConfiguration;
			buildSettings = {
				ALWAYS_EMBED_SWIFT_STANDARD_LIBRARIES = YES;
				BUNDLE_LOADER = "$(TEST_HOST)";
				CODE_SIGN_STYLE = Automatic;
				INFOPLIST_FILE = FirstApplicationRepoTests/Info.plist;
				LD_RUNPATH_SEARCH_PATHS = (
					"$(inherited)",
					"@executable_path/Frameworks",
					"@loader_path/Frameworks",
				);
				PRODUCT_BUNDLE_IDENTIFIER = HR.FirstApplicationRepoTests;
				PRODUCT_NAME = "$(TARGET_NAME)";
				SWIFT_VERSION = 5.0;
				TARGETED_DEVICE_FAMILY = "1,2";
				TEST_HOST = "$(BUILT_PRODUCTS_DIR)/FirstApplicationRepo.app/FirstApplicationRepo";
			};
			name = Release;
		};
		120F2AC822CB1F9600D7072F /* Debug */ = {
			isa = XCBuildConfiguration;
			buildSettings = {
				ALWAYS_EMBED_SWIFT_STANDARD_LIBRARIES = YES;
				CODE_SIGN_STYLE = Automatic;
				INFOPLIST_FILE = FirstApplicationRepoUITests/Info.plist;
				LD_RUNPATH_SEARCH_PATHS = (
					"$(inherited)",
					"@executable_path/Frameworks",
					"@loader_path/Frameworks",
				);
				PRODUCT_BUNDLE_IDENTIFIER = HR.FirstApplicationRepoUITests;
				PRODUCT_NAME = "$(TARGET_NAME)";
				SWIFT_VERSION = 5.0;
				TARGETED_DEVICE_FAMILY = "1,2";
				TEST_TARGET_NAME = FirstApplicationRepo;
			};
			name = Debug;
		};
		120F2AC922CB1F9600D7072F /* Release */ = {
			isa = XCBuildConfiguration;
			buildSettings = {
				ALWAYS_EMBED_SWIFT_STANDARD_LIBRARIES = YES;
				CODE_SIGN_STYLE = Automatic;
				INFOPLIST_FILE = FirstApplicationRepoUITests/Info.plist;
				LD_RUNPATH_SEARCH_PATHS = (
					"$(inherited)",
					"@executable_path/Frameworks",
					"@loader_path/Frameworks",
				);
				PRODUCT_BUNDLE_IDENTIFIER = HR.FirstApplicationRepoUITests;
				PRODUCT_NAME = "$(TARGET_NAME)";
				SWIFT_VERSION = 5.0;
				TARGETED_DEVICE_FAMILY = "1,2";
				TEST_TARGET_NAME = FirstApplicationRepo;
			};
			name = Release;
		};
/* End XCBuildConfiguration section */

/* Begin XCConfigurationList section */
		120F2A9422CB1F9500D7072F /* Build configuration list for PBXProject "FirstApplicationRepo" */ = {
			isa = XCConfigurationList;
			buildConfigurations = (
				120F2ABF22CB1F9600D7072F /* Debug */,
				120F2AC022CB1F9600D7072F /* Release */,
			);
			defaultConfigurationIsVisible = 0;
			defaultConfigurationName = Release;
		};
		120F2AC122CB1F9600D7072F /* Build configuration list for PBXNativeTarget "FirstApplicationRepo" */ = {
			isa = XCConfigurationList;
			buildConfigurations = (
				120F2AC222CB1F9600D7072F /* Debug */,
				120F2AC322CB1F9600D7072F /* Release */,
			);
			defaultConfigurationIsVisible = 0;
			defaultConfigurationName = Release;
		};
		120F2AC422CB1F9600D7072F /* Build configuration list for PBXNativeTarget "FirstApplicationRepoTests" */ = {
			isa = XCConfigurationList;
			buildConfigurations = (
				120F2AC522CB1F9600D7072F /* Debug */,
				120F2AC622CB1F9600D7072F /* Release */,
			);
			defaultConfigurationIsVisible = 0;
			defaultConfigurationName = Release;
		};
		120F2AC722CB1F9600D7072F /* Build configuration list for PBXNativeTarget "FirstApplicationRepoUITests" */ = {
			isa = XCConfigurationList;
			buildConfigurations = (
				120F2AC822CB1F9600D7072F /* Debug */,
				120F2AC922CB1F9600D7072F /* Release */,
			);
			defaultConfigurationIsVisible = 0;
			defaultConfigurationName = Release;
		};
/* End XCConfigurationList section */
	};
	rootObject = 120F2A9122CB1F9500D7072F /* Project object */;
}
